// !$*UTF8*$!
{
	archiveVersion = 1;
	classes = {
	};
	objectVersion = 56;
	objects = {

/* Begin PBXBuildFile section */
		AA0000000000000000000001 /* EquilibriumApp.swift in Sources */ = {isa = PBXBuildFile; fileRef = BB0000000000000000000001 /* EquilibriumApp.swift */; };
		AA0000000000000000000002 /* MainTabView.swift in Sources */ = {isa = PBXBuildFile; fileRef = BB0000000000000000000002 /* MainTabView.swift */; };
		AA0000000000000000000003 /* OnboardingGateView.swift in Sources */ = {isa = PBXBuildFile; fileRef = BB0000000000000000000003 /* OnboardingGateView.swift */; };
		AA0000000000000000000004 /* Theme.swift in Sources */ = {isa = PBXBuildFile; fileRef = BB0000000000000000000004 /* Theme.swift */; };
		AA0000000000000000000005 /* AIInsight.swift in Sources */ = {isa = PBXBuildFile; fileRef = BB0000000000000000000005 /* AIInsight.swift */; };
		AA0000000000000000000006 /* CheckIn.swift in Sources */ = {isa = PBXBuildFile; fileRef = BB0000000000000000000006 /* CheckIn.swift */; };
		AA0000000000000000000007 /* Enums.swift in Sources */ = {isa = PBXBuildFile; fileRef = BB0000000000000000000007 /* Enums.swift */; };
		AA0000000000000000000008 /* UserProfile.swift in Sources */ = {isa = PBXBuildFile; fileRef = BB0000000000000000000008 /* UserProfile.swift */; };
		AA0000000000000000000009 /* AIService.swift in Sources */ = {isa = PBXBuildFile; fileRef = BB0000000000000000000009 /* AIService.swift */; };
		AA000000000000000000000A /* ExportService.swift in Sources */ = {isa = PBXBuildFile; fileRef = BB000000000000000000000A /* ExportService.swift */; };
		AA000000000000000000000B /* Secrets.swift in Sources */ = {isa = PBXBuildFile; fileRef = BB000000000000000000000B /* Secrets.swift */; };
		AA000000000000000000000C /* DateHelpers.swift in Sources */ = {isa = PBXBuildFile; fileRef = BB000000000000000000000C /* DateHelpers.swift */; };
		AA000000000000000000000D /* RateLimiter.swift in Sources */ = {isa = PBXBuildFile; fileRef = BB000000000000000000000D /* RateLimiter.swift */; };
		AA000000000000000000000E /* ShareSheet.swift in Sources */ = {isa = PBXBuildFile; fileRef = BB000000000000000000000E /* ShareSheet.swift */; };
		AA000000000000000000000F /* WellnessScore.swift in Sources */ = {isa = PBXBuildFile; fileRef = BB000000000000000000000F /* WellnessScore.swift */; };
		AA0000000000000000000010 /* AICoachViewModel.swift in Sources */ = {isa = PBXBuildFile; fileRef = BB0000000000000000000010 /* AICoachViewModel.swift */; };
		AA0000000000000000000011 /* CheckInViewModel.swift in Sources */ = {isa = PBXBuildFile; fileRef = BB0000000000000000000011 /* CheckInViewModel.swift */; };
		AA0000000000000000000012 /* HomeViewModel.swift in Sources */ = {isa = PBXBuildFile; fileRef = BB0000000000000000000012 /* HomeViewModel.swift */; };
		AA0000000000000000000013 /* OnboardingViewModel.swift in Sources */ = {isa = PBXBuildFile; fileRef = BB0000000000000000000013 /* OnboardingViewModel.swift */; };
		AA0000000000000000000014 /* SettingsViewModel.swift in Sources */ = {isa = PBXBuildFile; fileRef = BB0000000000000000000014 /* SettingsViewModel.swift */; };
		AA0000000000000000000015 /* TrendsViewModel.swift in Sources */ = {isa = PBXBuildFile; fileRef = BB0000000000000000000015 /* TrendsViewModel.swift */; };
		AA0000000000000000000016 /* CheckInFlowView.swift in Sources */ = {isa = PBXBuildFile; fileRef = BB0000000000000000000016 /* CheckInFlowView.swift */; };
		AA0000000000000000000017 /* Step1StressView.swift in Sources */ = {isa = PBXBuildFile; fileRef = BB0000000000000000000017 /* Step1StressView.swift */; };
		AA0000000000000000000018 /* Step2UrgeView.swift in Sources */ = {isa = PBXBuildFile; fileRef = BB0000000000000000000018 /* Step2UrgeView.swift */; };
		AA0000000000000000000019 /* Step3SleepView.swift in Sources */ = {isa = PBXBuildFile; fileRef = BB0000000000000000000019 /* Step3SleepView.swift */; };
		AA000000000000000000001A /* Step4GoalView.swift in Sources */ = {isa = PBXBuildFile; fileRef = BB000000000000000000001A /* Step4GoalView.swift */; };
		AA000000000000000000001B /* AICoachView.swift in Sources */ = {isa = PBXBuildFile; fileRef = BB000000000000000000001B /* AICoachView.swift */; };
		AA000000000000000000001C /* EmptyStateView.swift in Sources */ = {isa = PBXBuildFile; fileRef = BB000000000000000000001C /* EmptyStateView.swift */; };
		AA000000000000000000001D /* LiquidGlassCard.swift in Sources */ = {isa = PBXBuildFile; fileRef = BB000000000000000000001D /* LiquidGlassCard.swift */; };
		AA000000000000000000001E /* PrimaryButton.swift in Sources */ = {isa = PBXBuildFile; fileRef = BB000000000000000000001E /* PrimaryButton.swift */; };
		AA000000000000000000001F /* SecondaryButton.swift in Sources */ = {isa = PBXBuildFile; fileRef = BB000000000000000000001F /* SecondaryButton.swift */; };
		AA0000000000000000000020 /* SegmentedToggle.swift in Sources */ = {isa = PBXBuildFile; fileRef = BB0000000000000000000020 /* SegmentedToggle.swift */; };
		AA0000000000000000000021 /* HomeView.swift in Sources */ = {isa = PBXBuildFile; fileRef = BB0000000000000000000021 /* HomeView.swift */; };
		AA0000000000000000000022 /* CreateProfileView.swift in Sources */ = {isa = PBXBuildFile; fileRef = BB0000000000000000000022 /* CreateProfileView.swift */; };
		AA0000000000000000000023 /* PermissionsView.swift in Sources */ = {isa = PBXBuildFile; fileRef = BB0000000000000000000023 /* PermissionsView.swift */; };
		AA0000000000000000000024 /* WelcomeView.swift in Sources */ = {isa = PBXBuildFile; fileRef = BB0000000000000000000024 /* WelcomeView.swift */; };
		AA0000000000000000000025 /* EditProfileView.swift in Sources */ = {isa = PBXBuildFile; fileRef = BB0000000000000000000025 /* EditProfileView.swift */; };
		AA0000000000000000000026 /* SettingsView.swift in Sources */ = {isa = PBXBuildFile; fileRef = BB0000000000000000000026 /* SettingsView.swift */; };
		AA0000000000000000000027 /* TrendsView.swift in Sources */ = {isa = PBXBuildFile; fileRef = BB0000000000000000000027 /* TrendsView.swift */; };
		AA0000000000000000000028 /* Assets.xcassets in Resources */ = {isa = PBXBuildFile; fileRef = BB0000000000000000000028 /* Assets.xcassets */; };
/* End PBXBuildFile section */

/* Begin PBXFileReference section */
		BB0000000000000000000001 /* EquilibriumApp.swift */ = {isa = PBXFileReference; lastKnownFileType = sourcecode.swift; path = EquilibriumApp.swift; sourceTree = "<group>"; };
		BB0000000000000000000002 /* MainTabView.swift */ = {isa = PBXFileReference; lastKnownFileType = sourcecode.swift; path = MainTabView.swift; sourceTree = "<group>"; };
		BB0000000000000000000003 /* OnboardingGateView.swift */ = {isa = PBXFileReference; lastKnownFileType = sourcecode.swift; path = OnboardingGateView.swift; sourceTree = "<group>"; };
		BB0000000000000000000004 /* Theme.swift */ = {isa = PBXFileReference; lastKnownFileType = sourcecode.swift; path = Theme.swift; sourceTree = "<group>"; };
		BB0000000000000000000005 /* AIInsight.swift */ = {isa = PBXFileReference; lastKnownFileType = sourcecode.swift; path = AIInsight.swift; sourceTree = "<group>"; };
		BB0000000000000000000006 /* CheckIn.swift */ = {isa = PBXFileReference; lastKnownFileType = sourcecode.swift; path = CheckIn.swift; sourceTree = "<group>"; };
		BB0000000000000000000007 /* Enums.swift */ = {isa = PBXFileReference; lastKnownFileType = sourcecode.swift; path = Enums.swift; sourceTree = "<group>"; };
		BB0000000000000000000008 /* UserProfile.swift */ = {isa = PBXFileReference; lastKnownFileType = sourcecode.swift; path = UserProfile.swift; sourceTree = "<group>"; };
		BB0000000000000000000009 /* AIService.swift */ = {isa = PBXFileReference; lastKnownFileType = sourcecode.swift; path = AIService.swift; sourceTree = "<group>"; };
		BB000000000000000000000A /* ExportService.swift */ = {isa = PBXFileReference; lastKnownFileType = sourcecode.swift; path = ExportService.swift; sourceTree = "<group>"; };
		BB000000000000000000000B /* Secrets.swift */ = {isa = PBXFileReference; lastKnownFileType = sourcecode.swift; path = Secrets.swift; sourceTree = "<group>"; };
		BB000000000000000000000C /* DateHelpers.swift */ = {isa = PBXFileReference; lastKnownFileType = sourcecode.swift; path = DateHelpers.swift; sourceTree = "<group>"; };
		BB000000000000000000000D /* RateLimiter.swift */ = {isa = PBXFileReference; lastKnownFileType = sourcecode.swift; path = RateLimiter.swift; sourceTree = "<group>"; };
		BB000000000000000000000E /* ShareSheet.swift */ = {isa = PBXFileReference; lastKnownFileType = sourcecode.swift; path = ShareSheet.swift; sourceTree = "<group>"; };
		BB000000000000000000000F /* WellnessScore.swift */ = {isa = PBXFileReference; lastKnownFileType = sourcecode.swift; path = WellnessScore.swift; sourceTree = "<group>"; };
		BB0000000000000000000010 /* AICoachViewModel.swift */ = {isa = PBXFileReference; lastKnownFileType = sourcecode.swift; path = AICoachViewModel.swift; sourceTree = "<group>"; };
		BB0000000000000000000011 /* CheckInViewModel.swift */ = {isa = PBXFileReference; lastKnownFileType = sourcecode.swift; path = CheckInViewModel.swift; sourceTree = "<group>"; };
		BB0000000000000000000012 /* HomeViewModel.swift */ = {isa = PBXFileReference; lastKnownFileType = sourcecode.swift; path = HomeViewModel.swift; sourceTree = "<group>"; };
		BB0000000000000000000013 /* OnboardingViewModel.swift */ = {isa = PBXFileReference; lastKnownFileType = sourcecode.swift; path = OnboardingViewModel.swift; sourceTree = "<group>"; };
		BB0000000000000000000014 /* SettingsViewModel.swift */ = {isa = PBXFileReference; lastKnownFileType = sourcecode.swift; path = SettingsViewModel.swift; sourceTree = "<group>"; };
		BB0000000000000000000015 /* TrendsViewModel.swift */ = {isa = PBXFileReference; lastKnownFileType = sourcecode.swift; path = TrendsViewModel.swift; sourceTree = "<group>"; };
		BB0000000000000000000016 /* CheckInFlowView.swift */ = {isa = PBXFileReference; lastKnownFileType = sourcecode.swift; path = CheckInFlowView.swift; sourceTree = "<group>"; };
		BB0000000000000000000017 /* Step1StressView.swift */ = {isa = PBXFileReference; lastKnownFileType = sourcecode.swift; path = Step1StressView.swift; sourceTree = "<group>"; };
		BB0000000000000000000018 /* Step2UrgeView.swift */ = {isa = PBXFileReference; lastKnownFileType = sourcecode.swift; path = Step2UrgeView.swift; sourceTree = "<group>"; };
		BB0000000000000000000019 /* Step3SleepView.swift */ = {isa = PBXFileReference; lastKnownFileType = sourcecode.swift; path = Step3SleepView.swift; sourceTree = "<group>"; };
		BB000000000000000000001A /* Step4GoalView.swift */ = {isa = PBXFileReference; lastKnownFileType = sourcecode.swift; path = Step4GoalView.swift; sourceTree = "<group>"; };
		BB000000000000000000001B /* AICoachView.swift */ = {isa = PBXFileReference; lastKnownFileType = sourcecode.swift; path = AICoachView.swift; sourceTree = "<group>"; };
		BB000000000000000000001C /* EmptyStateView.swift */ = {isa = PBXFileReference; lastKnownFileType = sourcecode.swift; path = EmptyStateView.swift; sourceTree = "<group>"; };
		BB000000000000000000001D /* LiquidGlassCard.swift */ = {isa = PBXFileReference; lastKnownFileType = sourcecode.swift; path = LiquidGlassCard.swift; sourceTree = "<group>"; };
		BB000000000000000000001E /* PrimaryButton.swift */ = {isa = PBXFileReference; lastKnownFileType = sourcecode.swift; path = PrimaryButton.swift; sourceTree = "<group>"; };
		BB000000000000000000001F /* SecondaryButton.swift */ = {isa = PBXFileReference; lastKnownFileType = sourcecode.swift; path = SecondaryButton.swift; sourceTree = "<group>"; };
		BB0000000000000000000020 /* SegmentedToggle.swift */ = {isa = PBXFileReference; lastKnownFileType = sourcecode.swift; path = SegmentedToggle.swift; sourceTree = "<group>"; };
		BB0000000000000000000021 /* HomeView.swift */ = {isa = PBXFileReference; lastKnownFileType = sourcecode.swift; path = HomeView.swift; sourceTree = "<group>"; };
		BB0000000000000000000022 /* CreateProfileView.swift */ = {isa = PBXFileReference; lastKnownFileType = sourcecode.swift; path = CreateProfileView.swift; sourceTree = "<group>"; };
		BB0000000000000000000023 /* PermissionsView.swift */ = {isa = PBXFileReference; lastKnownFileType = sourcecode.swift; path = PermissionsView.swift; sourceTree = "<group>"; };
		BB0000000000000000000024 /* WelcomeView.swift */ = {isa = PBXFileReference; lastKnownFileType = sourcecode.swift; path = WelcomeView.swift; sourceTree = "<group>"; };
		BB0000000000000000000025 /* EditProfileView.swift */ = {isa = PBXFileReference; lastKnownFileType = sourcecode.swift; path = EditProfileView.swift; sourceTree = "<group>"; };
		BB0000000000000000000026 /* SettingsView.swift */ = {isa = PBXFileReference; lastKnownFileType = sourcecode.swift; path = SettingsView.swift; sourceTree = "<group>"; };
		BB0000000000000000000027 /* TrendsView.swift */ = {isa = PBXFileReference; lastKnownFileType = sourcecode.swift; path = TrendsView.swift; sourceTree = "<group>"; };
		BB0000000000000000000028 /* Assets.xcassets */ = {isa = PBXFileReference; lastKnownFileType = folder.assetcatalog; path = Assets.xcassets; sourceTree = "<group>"; };
		BB0000000000000000000029 /* Info.plist */ = {isa = PBXFileReference; lastKnownFileType = text.plist.xml; path = Info.plist; sourceTree = "<group>"; };
		BB000000000000000000002A /* Debug.xcconfig */ = {isa = PBXFileReference; lastKnownFileType = text.xcconfig; name = Debug.xcconfig; path = ../Config/Debug.xcconfig; sourceTree = "<group>"; };
		BB000000000000000000002B /* Release.xcconfig */ = {isa = PBXFileReference; lastKnownFileType = text.xcconfig; name = Release.xcconfig; path = ../Config/Release.xcconfig; sourceTree = "<group>"; };
		BB000000000000000000002C /* Equilibrium.app */ = {isa = PBXFileReference; explicitFileType = wrapper.application; includeInIndex = 0; path = Equilibrium.app; sourceTree = BUILT_PRODUCTS_DIR; };
/* End PBXFileReference section */

/* Begin PBXFrameworksBuildPhase section */
		CC0000000000000000000001 /* Frameworks */ = {
			isa = PBXFrameworksBuildPhase;
			buildActionMask = 2147483647;
			files = (
			);
			runOnlyForDeploymentPostprocessing = 0;
		};
/* End PBXFrameworksBuildPhase section */

/* Begin PBXGroup section */
		DD0000000000000000000001 /* Equilibrium */ = {
			isa = PBXGroup;
			children = (
				DD0000000000000000000002 /* Equilibrium */,
				DD000000000000000000000F /* Config */,
				DD0000000000000000000010 /* Products */,
			);
			sourceTree = "<group>";
		};
		DD0000000000000000000002 /* Equilibrium */ = {
			isa = PBXGroup;
			children = (
				DD0000000000000000000003 /* App */,
				DD0000000000000000000004 /* Models */,
				DD0000000000000000000005 /* Services */,
				DD0000000000000000000006 /* Utils */,
				DD0000000000000000000007 /* ViewModels */,
				DD0000000000000000000008 /* Views */,
				DD000000000000000000000E /* Resources */,
			);
			name = Equilibrium;
			path = Equilibrium;
			sourceTree = "<group>";
		};
		DD0000000000000000000003 /* App */ = {
			isa = PBXGroup;
			children = (
				BB0000000000000000000001 /* EquilibriumApp.swift */,
				BB0000000000000000000002 /* MainTabView.swift */,
				BB0000000000000000000003 /* OnboardingGateView.swift */,
				BB0000000000000000000004 /* Theme.swift */,
			);
			path = App;
			sourceTree = "<group>";
		};
		DD0000000000000000000004 /* Models */ = {
			isa = PBXGroup;
			children = (
				BB0000000000000000000005 /* AIInsight.swift */,
				BB0000000000000000000006 /* CheckIn.swift */,
				BB0000000000000000000007 /* Enums.swift */,
				BB0000000000000000000008 /* UserProfile.swift */,
			);
			path = Models;
			sourceTree = "<group>";
		};
		DD0000000000000000000005 /* Services */ = {
			isa = PBXGroup;
			children = (
				BB0000000000000000000009 /* AIService.swift */,
				BB000000000000000000000A /* ExportService.swift */,
				BB000000000000000000000B /* Secrets.swift */,
			);
			path = Services;
			sourceTree = "<group>";
		};
		DD0000000000000000000006 /* Utils */ = {
			isa = PBXGroup;
			children = (
				BB000000000000000000000C /* DateHelpers.swift */,
				BB000000000000000000000D /* RateLimiter.swift */,
				BB000000000000000000000E /* ShareSheet.swift */,
				BB000000000000000000000F /* WellnessScore.swift */,
			);
			path = Utils;
			sourceTree = "<group>";
		};
		DD0000000000000000000007 /* ViewModels */ = {
			isa = PBXGroup;
			children = (
				BB0000000000000000000010 /* AICoachViewModel.swift */,
				BB0000000000000000000011 /* CheckInViewModel.swift */,
				BB0000000000000000000012 /* HomeViewModel.swift */,
				BB0000000000000000000013 /* OnboardingViewModel.swift */,
				BB0000000000000000000014 /* SettingsViewModel.swift */,
				BB0000000000000000000015 /* TrendsViewModel.swift */,
			);
			path = ViewModels;
			sourceTree = "<group>";
		};
		DD0000000000000000000008 /* Views */ = {
			isa = PBXGroup;
			children = (
				DD0000000000000000000009 /* CheckIn */,
				DD000000000000000000000A /* Coach */,
				DD000000000000000000000B /* Components */,
				DD000000000000000000000C /* Home */,
				DD000000000000000000000D /* Onboarding */,
				DD0000000000000000000011 /* Settings */,
				DD0000000000000000000012 /* Trends */,
			);
			path = Views;
			sourceTree = "<group>";
		};
		DD0000000000000000000009 /* CheckIn */ = {
			isa = PBXGroup;
			children = (
				BB0000000000000000000016 /* CheckInFlowView.swift */,
				BB0000000000000000000017 /* Step1StressView.swift */,
				BB0000000000000000000018 /* Step2UrgeView.swift */,
				BB0000000000000000000019 /* Step3SleepView.swift */,
				BB000000000000000000001A /* Step4GoalView.swift */,
			);
			path = CheckIn;
			sourceTree = "<group>";
		};
		DD000000000000000000000A /* Coach */ = {
			isa = PBXGroup;
			children = (
				BB000000000000000000001B /* AICoachView.swift */,
			);
			path = Coach;
			sourceTree = "<group>";
		};
		DD000000000000000000000B /* Components */ = {
			isa = PBXGroup;
			children = (
				BB000000000000000000001C /* EmptyStateView.swift */,
				BB000000000000000000001D /* LiquidGlassCard.swift */,
				BB000000000000000000001E /* PrimaryButton.swift */,
				BB000000000000000000001F /* SecondaryButton.swift */,
				BB0000000000000000000020 /* SegmentedToggle.swift */,
			);
			path = Components;
			sourceTree = "<group>";
		};
		DD000000000000000000000C /* Home */ = {
			isa = PBXGroup;
			children = (
				BB0000000000000000000021 /* HomeView.swift */,
			);
			path = Home;
			sourceTree = "<group>";
		};
		DD000000000000000000000D /* Onboarding */ = {
			isa = PBXGroup;
			children = (
				BB0000000000000000000022 /* CreateProfileView.swift */,
				BB0000000000000000000023 /* PermissionsView.swift */,
				BB0000000000000000000024 /* WelcomeView.swift */,
			);
			path = Onboarding;
			sourceTree = "<group>";
		};
		DD000000000000000000000E /* Resources */ = {
			isa = PBXGroup;
			children = (
				BB0000000000000000000028 /* Assets.xcassets */,
				BB0000000000000000000029 /* Info.plist */,
			);
			path = Resources;
			sourceTree = "<group>";
		};
		DD000000000000000000000F /* Config */ = {
			isa = PBXGroup;
			children = (
				BB000000000000000000002A /* Debug.xcconfig */,
				BB000000000000000000002B /* Release.xcconfig */,
			);
			name = Config;
			sourceTree = "<group>";
		};
		DD0000000000000000000010 /* Products */ = {
			isa = PBXGroup;
			children = (
				BB000000000000000000002C /* Equilibrium.app */,
			);
			name = Products;
			sourceTree = "<group>";
		};
		DD0000000000000000000011 /* Settings */ = {
			isa = PBXGroup;
			children = (
				BB0000000000000000000025 /* EditProfileView.swift */,
				BB0000000000000000000026 /* SettingsView.swift */,
			);
			path = Settings;
			sourceTree = "<group>";
		};
		DD0000000000000000000012 /* Trends */ = {
			isa = PBXGroup;
			children = (
				BB0000000000000000000027 /* TrendsView.swift */,
			);
			path = Trends;
			sourceTree = "<group>";
		};
/* End PBXGroup section */

/* Begin PBXNativeTarget section */
		EE0000000000000000000001 /* Equilibrium */ = {
			isa = PBXNativeTarget;
			buildConfigurationList = FF0000000000000000000002 /* Build configuration list for PBXNativeTarget "Equilibrium" */;
			buildPhases = (
				CC0000000000000000000002 /* Sources */,
				CC0000000000000000000001 /* Frameworks */,
				CC0000000000000000000003 /* Resources */,
			);
			buildRules = (
			);
			dependencies = (
			);
			name = Equilibrium;
			productName = Equilibrium;
			productReference = BB000000000000000000002C /* Equilibrium.app */;
			productType = "com.apple.product-type.application";
		};
/* End PBXNativeTarget section */

/* Begin PBXProject section */
		EE0000000000000000000002 /* Project object */ = {
			isa = PBXProject;
			attributes = {
				BuildIndependentTargetsInParallel = 1;
				LastUpgradeCheck = 1500;
				TargetAttributes = {
					EE0000000000000000000001 = {
						CreatedOnToolsVersion = 15.0;
					};
				};
			};
			buildConfigurationList = FF0000000000000000000001 /* Build configuration list for PBXProject "Equilibrium" */;
			compatibilityVersion = "Xcode 14.0";
			developmentRegion = en;
			hasScannedForEncodings = 0;
			knownRegions = (
				en,
				Base,
			);
			mainGroup = DD0000000000000000000001 /* Equilibrium */;
			productRefGroup = DD0000000000000000000010 /* Products */;
			projectDirPath = "";
			projectRoot = "";
			targets = (
				EE0000000000000000000001 /* Equilibrium */,
			);
		};
/* End PBXProject section */

/* Begin PBXResourcesBuildPhase section */
		CC0000000000000000000003 /* Resources */ = {
			isa = PBXResourcesBuildPhase;
			buildActionMask = 2147483647;
			files = (
				AA0000000000000000000028 /* Assets.xcassets in Resources */,
			);
			runOnlyForDeploymentPostprocessing = 0;
		};
/* End PBXResourcesBuildPhase section */

/* Begin PBXSourcesBuildPhase section */
		CC0000000000000000000002 /* Sources */ = {
			isa = PBXSourcesBuildPhase;
			buildActionMask = 2147483647;
			files = (
				AA0000000000000000000001 /* EquilibriumApp.swift in Sources */,
				AA0000000000000000000002 /* MainTabView.swift in Sources */,
				AA0000000000000000000003 /* OnboardingGateView.swift in Sources */,
				AA0000000000000000000004 /* Theme.swift in Sources */,
				AA0000000000000000000005 /* AIInsight.swift in Sources */,
				AA0000000000000000000006 /* CheckIn.swift in Sources */,
				AA0000000000000000000007 /* Enums.swift in Sources */,
				AA0000000000000000000008 /* UserProfile.swift in Sources */,
				AA0000000000000000000009 /* AIService.swift in Sources */,
				AA000000000000000000000A /* ExportService.swift in Sources */,
				AA000000000000000000000B /* Secrets.swift in Sources */,
				AA000000000000000000000C /* DateHelpers.swift in Sources */,
				AA000000000000000000000D /* RateLimiter.swift in Sources */,
				AA000000000000000000000E /* ShareSheet.swift in Sources */,
				AA000000000000000000000F /* WellnessScore.swift in Sources */,
				AA0000000000000000000010 /* AICoachViewModel.swift in Sources */,
				AA0000000000000000000011 /* CheckInViewModel.swift in Sources */,
				AA0000000000000000000012 /* HomeViewModel.swift in Sources */,
				AA0000000000000000000013 /* OnboardingViewModel.swift in Sources */,
				AA0000000000000000000014 /* SettingsViewModel.swift in Sources */,
				AA0000000000000000000015 /* TrendsViewModel.swift in Sources */,
				AA0000000000000000000016 /* CheckInFlowView.swift in Sources */,
				AA0000000000000000000017 /* Step1StressView.swift in Sources */,
				AA0000000000000000000018 /* Step2UrgeView.swift in Sources */,
				AA0000000000000000000019 /* Step3SleepView.swift in Sources */,
				AA000000000000000000001A /* Step4GoalView.swift in Sources */,
				AA000000000000000000001B /* AICoachView.swift in Sources */,
				AA000000000000000000001C /* EmptyStateView.swift in Sources */,
				AA000000000000000000001D /* LiquidGlassCard.swift in Sources */,
				AA000000000000000000001E /* PrimaryButton.swift in Sources */,
				AA000000000000000000001F /* SecondaryButton.swift in Sources */,
				AA0000000000000000000020 /* SegmentedToggle.swift in Sources */,
				AA0000000000000000000021 /* HomeView.swift in Sources */,
				AA0000000000000000000022 /* CreateProfileView.swift in Sources */,
				AA0000000000000000000023 /* PermissionsView.swift in Sources */,
				AA0000000000000000000024 /* WelcomeView.swift in Sources */,
				AA0000000000000000000025 /* EditProfileView.swift in Sources */,
				AA0000000000000000000026 /* SettingsView.swift in Sources */,
				AA0000000000000000000027 /* TrendsView.swift in Sources */,
			);
			runOnlyForDeploymentPostprocessing = 0;
		};
/* End PBXSourcesBuildPhase section */

/* Begin XCBuildConfiguration section */
		FF0000000000000000000003 /* Debug */ = {
			isa = XCBuildConfiguration;
			baseConfigurationReference = BB000000000000000000002A /* Debug.xcconfig */;
			buildSettings = {
				ALWAYS_SEARCH_USER_PATHS = NO;
				ASSETCATALOG_COMPILER_GENERATE_SWIFT_ASSET_SYMBOL_EXTENSIONS = YES;
				CLANG_ANALYZER_NONNULL = YES;
				CLANG_ANALYZER_NUMBER_OBJECT_CONVERSION = YES_AGGRESSIVE;
				CLANG_CXX_LANGUAGE_STANDARD = "gnu++20";
				CLANG_ENABLE_MODULES = YES;
				CLANG_ENABLE_OBJC_ARC = YES;
				CLANG_ENABLE_OBJC_WEAK = YES;
				CLANG_WARN_BLOCK_CAPTURE_AUTORELEASING = YES;
				CLANG_WARN_BOOL_CONVERSION = YES;
				CLANG_WARN_COMMA = YES;
				CLANG_WARN_CONSTANT_CONVERSION = YES;
				CLANG_WARN_DEPRECATED_OBJC_IMPLEMENTATIONS = YES;
				CLANG_WARN_DIRECT_OBJC_ISA_USAGE = YES_ERROR;
				CLANG_WARN_DOCUMENTATION_COMMENTS = YES;
				CLANG_WARN_EMPTY_BODY = YES;
				CLANG_WARN_ENUM_CONVERSION = YES;
				CLANG_WARN_INFINITE_RECURSION = YES;
				CLANG_WARN_INT_CONVERSION = YES;
				CLANG_WARN_NON_LITERAL_NULL_CONVERSION = YES;
				CLANG_WARN_OBJC_IMPLICIT_RETAIN_CYCLE = YES;
				CLANG_WARN_OBJC_LITERAL_CONVERSION = YES;
				CLANG_WARN_OBJC_ROOT_CLASS = YES_ERROR;
				CLANG_WARN_QUOTED_INCLUDE_IN_FRAMEWORK_HEADER = YES;
				CLANG_WARN_RANGE_LOOP_ANALYSIS = YES;
				CLANG_WARN_STRICT_PROTOTYPES = YES;
				CLANG_WARN_SUSPICIOUS_MOVE = YES;
				CLANG_WARN_UNGUARDED_AVAILABILITY = YES_AGGRESSIVE;
				CLANG_WARN_UNREACHABLE_CODE = YES;
				CLANG_WARN__DUPLICATE_METHOD_MATCH = YES;
				COPY_PHASE_STRIP = NO;
				DEBUG_INFORMATION_FORMAT = dwarf;
				ENABLE_STRICT_OBJC_MSGSEND = YES;
				ENABLE_TESTABILITY = YES;
				ENABLE_USER_SCRIPT_SANDBOXING = YES;
				GCC_C_LANGUAGE_STANDARD = gnu17;
				GCC_DYNAMIC_NO_PIC = NO;
				GCC_NO_COMMON_BLOCKS = YES;
				GCC_OPTIMIZATION_LEVEL = 0;
				GCC_PREPROCESSOR_DEFINITIONS = (
					"DEBUG=1",
					"$(inherited)",
				);
				GCC_WARN_64_TO_32_BIT_CONVERSION = YES;
				GCC_WARN_ABOUT_RETURN_TYPE = YES_ERROR;
				GCC_WARN_UNDECLARED_SELECTOR = YES;
				GCC_WARN_UNINITIALIZED_AUTOS = YES_AGGRESSIVE;
				GCC_WARN_UNUSED_FUNCTION = YES;
				GCC_WARN_UNUSED_VARIABLE = YES;
				IPHONEOS_DEPLOYMENT_TARGET = 17.0;
				MTL_ENABLE_DEBUG_INFO = INCLUDE_SOURCE;
				MTL_FAST_MATH = YES;
				ONLY_ACTIVE_ARCH = YES;
				SDKROOT = iphoneos;
				SWIFT_ACTIVE_COMPILATION_CONDITIONS = DEBUG;
				SWIFT_OPTIMIZATION_LEVEL = "-Onone";
			};
			name = Debug;
		};
		FF0000000000000000000004 /* Release */ = {
			isa = XCBuildConfiguration;
			baseConfigurationReference = BB000000000000000000002B /* Release.xcconfig */;
			buildSettings = {
				ALWAYS_SEARCH_USER_PATHS = NO;
				ASSETCATALOG_COMPILER_GENERATE_SWIFT_ASSET_SYMBOL_EXTENSIONS = YES;
				CLANG_ANALYZER_NONNULL = YES;
				CLANG_ANALYZER_NUMBER_OBJECT_CONVERSION = YES_AGGRESSIVE;
				CLANG_CXX_LANGUAGE_STANDARD = "gnu++20";
				CLANG_ENABLE_MODULES = YES;
				CLANG_ENABLE_OBJC_ARC = YES;
				CLANG_ENABLE_OBJC_WEAK = YES;
				CLANG_WARN_BLOCK_CAPTURE_AUTORELEASING = YES;
				CLANG_WARN_BOOL_CONVERSION = YES;
				CLANG_WARN_COMMA = YES;
				CLANG_WARN_CONSTANT_CONVERSION = YES;
				CLANG_WARN_DEPRECATED_OBJC_IMPLEMENTATIONS = YES;
				CLANG_WARN_DIRECT_OBJC_ISA_USAGE = YES_ERROR;
				CLANG_WARN_DOCUMENTATION_COMMENTS = YES;
				CLANG_WARN_EMPTY_BODY = YES;
				CLANG_WARN_ENUM_CONVERSION = YES;
				CLANG_WARN_INFINITE_RECURSION = YES;
				CLANG_WARN_INT_CONVERSION = YES;
				CLANG_WARN_NON_LITERAL_NULL_CONVERSION = YES;
				CLANG_WARN_OBJC_IMPLICIT_RETAIN_CYCLE = YES;
				CLANG_WARN_OBJC_LITERAL_CONVERSION = YES;
				CLANG_WARN_OBJC_ROOT_CLASS = YES_ERROR;
				CLANG_WARN_QUOTED_INCLUDE_IN_FRAMEWORK_HEADER = YES;
				CLANG_WARN_RANGE_LOOP_ANALYSIS = YES;
				CLANG_WARN_STRICT_PROTOTYPES = YES;
				CLANG_WARN_SUSPICIOUS_MOVE = YES;
				CLANG_WARN_UNGUARDED_AVAILABILITY = YES_AGGRESSIVE;
				CLANG_WARN_UNREACHABLE_CODE = YES;
				CLANG_WARN__DUPLICATE_METHOD_MATCH = YES;
				COPY_PHASE_STRIP = NO;
				DEBUG_INFORMATION_FORMAT = "dwarf-with-dsym";
				ENABLE_NS_ASSERTIONS = NO;
				ENABLE_STRICT_OBJC_MSGSEND = YES;
				ENABLE_USER_SCRIPT_SANDBOXING = YES;
				GCC_C_LANGUAGE_STANDARD = gnu17;
				GCC_NO_COMMON_BLOCKS = YES;
				GCC_WARN_64_TO_32_BIT_CONVERSION = YES;
				GCC_WARN_ABOUT_RETURN_TYPE = YES_ERROR;
				GCC_WARN_UNDECLARED_SELECTOR = YES;
				GCC_WARN_UNINITIALIZED_AUTOS = YES_AGGRESSIVE;
				GCC_WARN_UNUSED_FUNCTION = YES;
				GCC_WARN_UNUSED_VARIABLE = YES;
				IPHONEOS_DEPLOYMENT_TARGET = 17.0;
				MTL_FAST_MATH = YES;
				SDKROOT = iphoneos;
				SWIFT_COMPILATION_MODE = wholemodule;
				SWIFT_OPTIMIZATION_LEVEL = "-O";
				VALIDATE_PRODUCT = YES;
			};
			name = Release;
		};
		FF0000000000000000000005 /* Debug */ = {
			isa = XCBuildConfiguration;
			buildSettings = {
				ASSETCATALOG_COMPILER_APPICON_NAME = AppIcon;
				ASSETCATALOG_COMPILER_GLOBAL_ACCENT_COLOR_NAME = AccentColor;
				CODE_SIGN_STYLE = Automatic;
				CURRENT_PROJECT_VERSION = 1;
				GENERATE_INFOPLIST_FILE = NO;
				INFOPLIST_FILE = Equilibrium/Resources/Info.plist;
				IPHONEOS_DEPLOYMENT_TARGET = 17.0;
				LD_RUNPATH_SEARCH_PATHS = (
					"$(inherited)",
					"@executable_path/Frameworks",
				);
				MARKETING_VERSION = 1.0;
				PRODUCT_BUNDLE_IDENTIFIER = com.equilibrium.app;
				PRODUCT_NAME = Equilibrium;
				SDKROOT = iphoneos;
				SWIFT_EMIT_LOC_STRINGS = YES;
				SWIFT_VERSION = 6.0;
				TARGETED_DEVICE_FAMILY = 1;
			};
			name = Debug;
		};
		FF0000000000000000000006 /* Release */ = {
			isa = XCBuildConfiguration;
			buildSettings = {
				ASSETCATALOG_COMPILER_APPICON_NAME = AppIcon;
				ASSETCATALOG_COMPILER_GLOBAL_ACCENT_COLOR_NAME = AccentColor;
				CODE_SIGN_STYLE = Automatic;
				CURRENT_PROJECT_VERSION = 1;
				GENERATE_INFOPLIST_FILE = NO;
				INFOPLIST_FILE = Equilibrium/Resources/Info.plist;
				IPHONEOS_DEPLOYMENT_TARGET = 17.0;
				LD_RUNPATH_SEARCH_PATHS = (
					"$(inherited)",
					"@executable_path/Frameworks",
				);
				MARKETING_VERSION = 1.0;
				PRODUCT_BUNDLE_IDENTIFIER = com.equilibrium.app;
				PRODUCT_NAME = Equilibrium;
				SDKROOT = iphoneos;
				SWIFT_EMIT_LOC_STRINGS = YES;
				SWIFT_VERSION = 6.0;
				TARGETED_DEVICE_FAMILY = 1;
			};
			name = Release;
		};
/* End XCBuildConfiguration section */

/* Begin XCConfigurationList section */
		FF0000000000000000000001 /* Build configuration list for PBXProject "Equilibrium" */ = {
			isa = XCConfigurationList;
			buildConfigurations = (
				FF0000000000000000000003 /* Debug */,
				FF0000000000000000000004 /* Release */,
			);
			defaultConfigurationIsVisible = 0;
			defaultConfigurationName = Release;
		};
		FF0000000000000000000002 /* Build configuration list for PBXNativeTarget "Equilibrium" */ = {
			isa = XCConfigurationList;
			buildConfigurations = (
				FF0000000000000000000005 /* Debug */,
				FF0000000000000000000006 /* Release */,
			);
			defaultConfigurationIsVisible = 0;
			defaultConfigurationName = Release;
		};
/* End XCConfigurationList section */

	};
	rootObject = EE0000000000000000000002 /* Project object */;
}
